
Microsoft Visual Studio Solution File, Format Version 12.00
# Visual Studio Version 16
VisualStudioVersion = 16.0.32126.315
MinimumVisualStudioVersion = 10.0.40219.1
Project("{FAE04EC0-301F-11D3-BF4B-00C04F79EFBC}") = "AudioRecording", "AudioRecording.csproj", "{679D575E-FF8E-4A1F-A837-C16C193CB508}"
EndProject
Global
	GlobalSection(SolutionConfigurationPlatforms) = preSolution
		Debug|ARM64 = Debug|ARM64
		Debug|x64 = Debug|x64
		Release|ARM64 = Release|ARM64
		Release|x64 = Release|x64
	EndGlobalSection
	GlobalSection(ProjectConfigurationPlatforms) = postSolution
		{679D575E-FF8E-4A1F-A837-C16C193CB508}.Debug|ARM64.ActiveCfg = Debug|ARM64
		{679D575E-FF8E-4A1F-A837-C16C193CB508}.Debug|ARM64.Build.0 = Debug|ARM64
		{679D575E-FF8E-4A1F-A837-C16C193CB508}.Debug|ARM64.Deploy.0 = Debug|ARM64
		{679D575E-FF8E-4A1F-A837-C16C193CB508}.Debug|x64.ActiveCfg = Debug|x64
		{679D575E-FF8E-4A1F-A837-C16C193CB508}.Debug|x64.Build.0 = Debug|x64
		{679D575E-FF8E-4A1F-A837-C16C193CB508}.Debug|x64.Deploy.0 = Debug|x64
		{679D575E-FF8E-4A1F-A837-C16C193CB508}.Release|ARM64.ActiveCfg = Release|ARM64
		{679D575E-FF8E-4A1F-A837-C16C193CB508}.Release|ARM64.Build.0 = Release|ARM64
		{679D575E-FF8E-4A1F-A837-C16C193CB508}.Release|ARM64.Deploy.0 = Release|ARM64
		{679D575E-FF8E-4A1F-A837-C16C193CB508}.Release|x64.ActiveCfg = Release|x64
		{679D575E-FF8E-4A1F-A837-C16C193CB508}.Release|x64.Build.0 = Release|x64
		{679D575E-FF8E-4A1F-A837-C16C193CB508}.Release|x64.Deploy.0 = Release|x64
	EndGlobalSection
	GlobalSection(SolutionProperties) = preSolution
		HideSolutionNode = FALSE
	EndGlobalSection
	GlobalSection(ExtensibilityGlobals) = postSolution
		SolutionGuid = {E0BBD831-9C6A-4E89-B0A9-0E5423B9372A}
	EndGlobalSection
EndGlobal
